// !$*UTF8*$!
{
	archiveVersion = 1;
	classes = {
	};
	objectVersion = 46;
	objects = {

/* Begin PBXBuildFile section */
		27882A321B04486000C793F2 /* main.m in Sources */ = {isa = PBXBuildFile; fileRef = 27882A311B04486000C793F2 /* main.m */; };
		27882A351B04486000C793F2 /* AppDelegate.m in Sources */ = {isa = PBXBuildFile; fileRef = 27882A341B04486000C793F2 /* AppDelegate.m */; };
		27882A381B04486000C793F2 /* ViewController.m in Sources */ = {isa = PBXBuildFile; fileRef = 27882A371B04486000C793F2 /* ViewController.m */; };
		27882A3B1B04486000C793F2 /* Main.storyboard in Resources */ = {isa = PBXBuildFile; fileRef = 27882A391B04486000C793F2 /* Main.storyboard */; };
		27882A3D1B04486000C793F2 /* Images.xcassets in Resources */ = {isa = PBXBuildFile; fileRef = 27882A3C1B04486000C793F2 /* Images.xcassets */; };
		27882A401B04486000C793F2 /* LaunchScreen.xib in Resources */ = {isa = PBXBuildFile; fileRef = 27882A3E1B04486000C793F2 /* LaunchScreen.xib */; };
		27882A4C1B04486000C793F2 /* XLImageFocusManagerTests.m in Sources */ = {isa = PBXBuildFile; fileRef = 27882A4B1B04486000C793F2 /* XLImageFocusManagerTests.m */; };
/* End PBXBuildFile section */

/* Begin PBXContainerItemProxy section */
		27882A461B04486000C793F2 /* PBXContainerItemProxy */ = {
			isa = PBXContainerItemProxy;
			containerPortal = 27882A241B04486000C793F2 /* Project object */;
			proxyType = 1;
			remoteGlobalIDString = 27882A2B1B04486000C793F2;
			remoteInfo = XLImageFocusManager;
		};
/* End PBXContainerItemProxy section */

/* Begin PBXFileReference section */
		27882A2C1B04486000C793F2 /* XLImageFocusManager.app */ = {isa = PBXFileReference; explicitFileType = wrapper.application; includeInIndex = 0; path = XLImageFocusManager.app; sourceTree = BUILT_PRODUCTS_DIR; };
		27882A301B04486000C793F2 /* Info.plist */ = {isa = PBXFileReference; lastKnownFileType = text.plist.xml; path = Info.plist; sourceTree = "<group>"; };
		27882A311B04486000C793F2 /* main.m */ = {isa = PBXFileReference; lastKnownFileType = sourcecode.c.objc; path = main.m; sourceTree = "<group>"; };
		27882A331B04486000C793F2 /* AppDelegate.h */ = {isa = PBXFileReference; lastKnownFileType = sourcecode.c.h; path = AppDelegate.h; sourceTree = "<group>"; };
		27882A341B04486000C793F2 /* AppDelegate.m */ = {isa = PBXFileReference; lastKnownFileType = sourcecode.c.objc; path = AppDelegate.m; sourceTree = "<group>"; };
		27882A361B04486000C793F2 /* ViewController.h */ = {isa = PBXFileReference; lastKnownFileType = sourcecode.c.h; path = ViewController.h; sourceTree = "<group>"; };
		27882A371B04486000C793F2 /* ViewController.m */ = {isa = PBXFileReference; lastKnownFileType = sourcecode.c.objc; path = ViewController.m; sourceTree = "<group>"; };
		27882A3A1B04486000C793F2 /* Base */ = {isa = PBXFileReference; lastKnownFileType = file.storyboard; name = Base; path = Base.lproj/Main.storyboard; sourceTree = "<group>"; };
		27882A3C1B04486000C793F2 /* Images.xcassets */ = {isa = PBXFileReference; lastKnownFileType = folder.assetcatalog; path = Images.xcassets; sourceTree = "<group>"; };
		27882A3F1B04486000C793F2 /* Base */ = {isa = PBXFileReference; lastKnownFileType = file.xib; name = Base; path = Base.lproj/LaunchScreen.xib; sourceTree = "<group>"; };
		27882A451B04486000C793F2 /* XLImageFocusManagerTests.xctest */ = {isa = PBXFileReference; explicitFileType = wrapper.cfbundle; includeInIndex = 0; path = XLImageFocusManagerTests.xctest; sourceTree = BUILT_PRODUCTS_DIR; };
		27882A4A1B04486000C793F2 /* Info.plist */ = {isa = PBXFileReference; lastKnownFileType = text.plist.xml; path = Info.plist; sourceTree = "<group>"; };
		27882A4B1B04486000C793F2 /* XLImageFocusManagerTests.m */ = {isa = PBXFileReference; lastKnownFileType = sourcecode.c.objc; path = XLImageFocusManagerTests.m; sourceTree = "<group>"; };
/* End PBXFileReference section */

/* Begin PBXFrameworksBuildPhase section */
		27882A291B04486000C793F2 /* Frameworks */ = {
			isa = PBXFrameworksBuildPhase;
			buildActionMask = 2147483647;
			files = (
			);
			runOnlyForDeploymentPostprocessing = 0;
		};
		27882A421B04486000C793F2 /* Frameworks */ = {
			isa = PBXFrameworksBuildPhase;
			buildActionMask = 2147483647;
			files = (
			);
			runOnlyForDeploymentPostprocessing = 0;
		};
/* End PBXFrameworksBuildPhase section */

/* Begin PBXGroup section */
		27882A231B04486000C793F2 = {
			isa = PBXGroup;
			children = (
				27882A2E1B04486000C793F2 /* XLImageFocusManager */,
				27882A481B04486000C793F2 /* XLImageFocusManagerTests */,
				27882A2D1B04486000C793F2 /* Products */,
			);
			sourceTree = "<group>";
		};
		27882A2D1B04486000C793F2 /* Products */ = {
			isa = PBXGroup;
			children = (
				27882A2C1B04486000C793F2 /* XLImageFocusManager.app */,
				27882A451B04486000C793F2 /* XLImageFocusManagerTests.xctest */,
			);
			name = Products;
			sourceTree = "<group>";
		};
		27882A2E1B04486000C793F2 /* XLImageFocusManager */ = {
			isa = PBXGroup;
			children = (
				27882A331B04486000C793F2 /* AppDelegate.h */,
				27882A341B04486000C793F2 /* AppDelegate.m */,
				27882A361B04486000C793F2 /* ViewController.h */,
				27882A371B04486000C793F2 /* ViewController.m */,
				27882A391B04486000C793F2 /* Main.storyboard */,
				27882A3C1B04486000C793F2 /* Images.xcassets */,
				27882A3E1B04486000C793F2 /* LaunchScreen.xib */,
				27882A2F1B04486000C793F2 /* Supporting Files */,
			);
			path = XLImageFocusManager;
			sourceTree = "<group>";
		};
		27882A2F1B04486000C793F2 /* Supporting Files */ = {
			isa = PBXGroup;
			children = (
				27882A301B04486000C793F2 /* Info.plist */,
				27882A311B04486000C793F2 /* main.m */,
			);
			name = "Supporting Files";
			sourceTree = "<group>";
		};
		27882A481B04486000C793F2 /* XLImageFocusManagerTests */ = {
			isa = PBXGroup;
			children = (
				27882A4B1B04486000C793F2 /* XLImageFocusManagerTests.m */,
				27882A491B04486000C793F2 /* Supporting Files */,
			);
			path = XLImageFocusManagerTests;
			sourceTree = "<group>";
		};
		27882A491B04486000C793F2 /* Supporting Files */ = {
			isa = PBXGroup;
			children = (
				27882A4A1B04486000C793F2 /* Info.plist */,
			);
			name = "Supporting Files";
			sourceTree = "<group>";
		};
/* End PBXGroup section */

/* Begin PBXNativeTarget section */
		27882A2B1B04486000C793F2 /* XLImageFocusManager */ = {
			isa = PBXNativeTarget;
			buildConfigurationList = 27882A4F1B04486000C793F2 /* Build configuration list for PBXNativeTarget "XLImageFocusManager" */;
			buildPhases = (
				27882A281B04486000C793F2 /* Sources */,
				27882A291B04486000C793F2 /* Frameworks */,
				27882A2A1B04486000C793F2 /* Resources */,
			);
			buildRules = (
			);
			dependencies = (
			);
			name = XLImageFocusManager;
			productName = XLImageFocusManager;
			productReference = 27882A2C1B04486000C793F2 /* XLImageFocusManager.app */;
			productType = "com.apple.product-type.application";
		};
		27882A441B04486000C793F2 /* XLImageFocusManagerTests */ = {
			isa = PBXNativeTarget;
			buildConfigurationList = 27882A521B04486000C793F2 /* Build configuration list for PBXNativeTarget "XLImageFocusManagerTests" */;
			buildPhases = (
				27882A411B04486000C793F2 /* Sources */,
				27882A421B04486000C793F2 /* Frameworks */,
				27882A431B04486000C793F2 /* Resources */,
			);
			buildRules = (
			);
			dependencies = (
				27882A471B04486000C793F2 /* PBXTargetDependency */,
			);
			name = XLImageFocusManagerTests;
			productName = XLImageFocusManagerTests;
			productReference = 27882A451B04486000C793F2 /* XLImageFocusManagerTests.xctest */;
			productType = "com.apple.product-type.bundle.unit-test";
		};
/* End PBXNativeTarget section */

/* Begin PBXProject section */
		27882A241B04486000C793F2 /* Project object */ = {
			isa = PBXProject;
			attributes = {
				LastUpgradeCheck = 0630;
				ORGANIZATIONNAME = xiaoluuu;
				TargetAttributes = {
					27882A2B1B04486000C793F2 = {
						CreatedOnToolsVersion = 6.3.1;
					};
					27882A441B04486000C793F2 = {
						CreatedOnToolsVersion = 6.3.1;
						TestTargetID = 27882A2B1B04486000C793F2;
					};
				};
			};
			buildConfigurationList = 27882A271B04486000C793F2 /* Build configuration list for PBXProject "XLImageFocusManager" */;
			compatibilityVersion = "Xcode 3.2";
			developmentRegion = English;
			hasScannedForEncodings = 0;
			knownRegions = (
				en,
				Base,
			);
			mainGroup = 27882A231B04486000C793F2;
			productRefGroup = 27882A2D1B04486000C793F2 /* Products */;
			projectDirPath = "";
			projectRoot = "";
			targets = (
				27882A2B1B04486000C793F2 /* XLImageFocusManager */,
				27882A441B04486000C793F2 /* XLImageFocusManagerTests */,
			);
		};
/* End PBXProject section */

/* Begin PBXResourcesBuildPhase section */
		27882A2A1B04486000C793F2 /* Resources */ = {
			isa = PBXResourcesBuildPhase;
			buildActionMask = 2147483647;
			files = (
				27882A3B1B04486000C793F2 /* Main.storyboard in Resources */,
				27882A401B04486000C793F2 /* LaunchScreen.xib in Resources */,
				27882A3D1B04486000C793F2 /* Images.xcassets in Resources */,
			);
			runOnlyForDeploymentPostprocessing = 0;
		};
		27882A431B04486000C793F2 /* Resources */ = {
			isa = PBXResourcesBuildPhase;
			buildActionMask = 2147483647;
			files = (
			);
			runOnlyForDeploymentPostprocessing = 0;
		};
/* End PBXResourcesBuildPhase section */

/* Begin PBXSourcesBuildPhase section */
		27882A281B04486000C793F2 /* Sources */ = {
			isa = PBXSourcesBuildPhase;
			buildActionMask = 2147483647;
			files = (
				27882A381B04486000C793F2 /* ViewController.m in Sources */,
				27882A351B04486000C793F2 /* AppDelegate.m in Sources */,
				27882A321B04486000C793F2 /* main.m in Sources */,
			);
			runOnlyForDeploymentPostprocessing = 0;
		};
		27882A411B04486000C793F2 /* Sources */ = {
			isa = PBXSourcesBuildPhase;
			buildActionMask = 2147483647;
			files = (
				27882A4C1B04486000C793F2 /* XLImageFocusManagerTests.m in Sources */,
			);
			runOnlyForDeploymentPostprocessing = 0;
		};
/* End PBXSourcesBuildPhase section */

/* Begin PBXTargetDependency section */
		27882A471B04486000C793F2 /* PBXTargetDependency */ = {
			isa = PBXTargetDependency;
			target = 27882A2B1B04486000C793F2 /* XLImageFocusManager */;
			targetProxy = 27882A461B04486000C793F2 /* PBXContainerItemProxy */;
		};
/* End PBXTargetDependency section */

/* Begin PBXVariantGroup section */
		27882A391B04486000C793F2 /* Main.storyboard */ = {
			isa = PBXVariantGroup;
			children = (
				27882A3A1B04486000C793F2 /* Base */,
			);
			name = Main.storyboard;
			sourceTree = "<group>";
		};
		27882A3E1B04486000C793F2 /* LaunchScreen.xib */ = {
			isa = PBXVariantGroup;
			children = (
				27882A3F1B04486000C793F2 /* Base */,
			);
			name = LaunchScreen.xib;
			sourceTree = "<group>";
		};
/* End PBXVariantGroup section */

/* Begin XCBuildConfiguration section */
		27882A4D1B04486000C793F2 /* Debug */ = {
			isa = XCBuildConfiguration;
			buildSettings = {
				ALWAYS_SEARCH_USER_PATHS = NO;
				CLANG_CXX_LANGUAGE_STANDARD = "gnu++0x";
				CLANG_CXX_LIBRARY = "libc++";
				CLANG_ENABLE_MODULES = YES;
				CLANG_ENABLE_OBJC_ARC = YES;
				CLANG_WARN_BOOL_CONVERSION = YES;
				CLANG_WARN_CONSTANT_CONVERSION = YES;
				CLANG_WARN_DIRECT_OBJC_ISA_USAGE = YES_ERROR;
				CLANG_WARN_EMPTY_BODY = YES;
				CLANG_WARN_ENUM_CONVERSION = YES;
				CLANG_WARN_INT_CONVERSION = YES;
				CLANG_WARN_OBJC_ROOT_CLASS = YES_ERROR;
				CLANG_WARN_UNREACHABLE_CODE = YES;
				CLANG_WARN__DUPLICATE_METHOD_MATCH = YES;
				"CODE_SIGN_IDENTITY[sdk=iphoneos*]" = "iPhone Developer";
				COPY_PHASE_STRIP = NO;
				DEBUG_INFORMATION_FORMAT = "dwarf-with-dsym";
				ENABLE_STRICT_OBJC_MSGSEND = YES;
				GCC_C_LANGUAGE_STANDARD = gnu99;
				GCC_DYNAMIC_NO_PIC = NO;
				GCC_NO_COMMON_BLOCKS = YES;
				GCC_OPTIMIZATION_LEVEL = 0;
				GCC_PREPROCESSOR_DEFINITIONS = (
					"DEBUG=1",
					"$(inherited)",
				);
				GCC_SYMBOLS_PRIVATE_EXTERN = NO;
				GCC_WARN_64_TO_32_BIT_CONVERSION = YES;
				GCC_WARN_ABOUT_RETURN_TYPE = YES_ERROR;
				GCC_WARN_UNDECLARED_SELECTOR = YES;
				GCC_WARN_UNINITIALIZED_AUTOS = YES_AGGRESSIVE;
				GCC_WARN_UNUSED_FUNCTION = YES;
				GCC_WARN_UNUSED_VARIABLE = YES;
				IPHONEOS_DEPLOYMENT_TARGET = 8.3;
				MTL_ENABLE_DEBUG_INFO = YES;
				ONLY_ACTIVE_ARCH = YES;
				SDKROOT = iphoneos;
				TARGETED_DEVICE_FAMILY = "1,2";
			};
			name = Debug;
		};
		27882A4E1B04486000C793F2 /* Release */ = {
			isa = XCBuildConfiguration;
			buildSettings = {
				ALWAYS_SEARCH_USER_PATHS = NO;
				CLANG_CXX_LANGUAGE_STANDARD = "gnu++0x";
				CLANG_CXX_LIBRARY = "libc++";
				CLANG_ENABLE_MODULES = YES;
				CLANG_ENABLE_OBJC_ARC = YES;
				CLANG_WARN_BOOL_CONVERSION = YES;
				CLANG_WARN_CONSTANT_CONVERSION = YES;
				CLANG_WARN_DIRECT_OBJC_ISA_USAGE = YES_ERROR;
				CLANG_WARN_EMPTY_BODY = YES;
				CLANG_WARN_ENUM_CONVERSION = YES;
				CLANG_WARN_INT_CONVERSION = YES;
				CLANG_WARN_OBJC_ROOT_CLASS = YES_ERROR;
				CLANG_WARN_UNREACHABLE_CODE = YES;
				CLANG_WARN__DUPLICATE_METHOD_MATCH = YES;
				"CODE_SIGN_IDENTITY[sdk=iphoneos*]" = "iPhone Developer";
				COPY_PHASE_STRIP = NO;
				DEBUG_INFORMATION_FORMAT = "dwarf-with-dsym";
				ENABLE_NS_ASSERTIONS = NO;
				ENABLE_STRICT_OBJC_MSGSEND = YES;
				GCC_C_LANGUAGE_STANDARD = gnu99;
				GCC_NO_COMMON_BLOCKS = YES;
				GCC_WARN_64_TO_32_BIT_CONVERSION = YES;
				GCC_WARN_ABOUT_RETURN_TYPE = YES_ERROR;
				GCC_WARN_UNDECLARED_SELECTOR = YES;
				GCC_WARN_UNINITIALIZED_AUTOS = YES_AGGRESSIVE;
				GCC_WARN_UNUSED_FUNCTION = YES;
				GCC_WARN_UNUSED_VARIABLE = YES;
				IPHONEOS_DEPLOYMENT_TARGET = 8.3;
				MTL_ENABLE_DEBUG_INFO = NO;
				SDKROOT = iphoneos;
				TARGETED_DEVICE_FAMILY = "1,2";
				VALIDATE_PRODUCT = YES;
			};
			name = Release;
		};
		27882A501B04486000C793F2 /* Debug */ = {
			isa = XCBuildConfiguration;
			buildSettings = {
				ASSETCATALOG_COMPILER_APPICON_NAME = AppIcon;
				INFOPLIST_FILE = XLImageFocusManager/Info.plist;
				LD_RUNPATH_SEARCH_PATHS = "$(inherited) @executable_path/Frameworks";
				PRODUCT_NAME = "$(TARGET_NAME)";
			};
			name = Debug;
		};
		27882A511B04486000C793F2 /* Release */ = {
			isa = XCBuildConfiguration;
			buildSettings = {
				ASSETCATALOG_COMPILER_APPICON_NAME = AppIcon;
				INFOPLIST_FILE = XLImageFocusManager/Info.plist;
				LD_RUNPATH_SEARCH_PATHS = "$(inherited) @executable_path/Frameworks";
				PRODUCT_NAME = "$(TARGET_NAME)";
			};
			name = Release;
		};
		27882A531B04486000C793F2 /* Debug */ = {
			isa = XCBuildConfiguration;
			buildSettings = {
				BUNDLE_LOADER = "$(TEST_HOST)";
				FRAMEWORK_SEARCH_PATHS = (
					"$(SDKROOT)/Developer/Library/Frameworks",
					"$(inherited)",
				);
				GCC_PREPROCESSOR_DEFINITIONS = (
					"DEBUG=1",
					"$(inherited)",
				);
				INFOPLIST_FILE = XLImageFocusManagerTests/Info.plist;
				LD_RUNPATH_SEARCH_PATHS = "$(inherited) @executable_path/Frameworks @loader_path/Frameworks";
				PRODUCT_NAME = "$(TARGET_NAME)";
				TEST_HOST = "$(BUILT_PRODUCTS_DIR)/XLImageFocusManager.app/XLImageFocusManager";
			};
			name = Debug;
		};
		27882A541B04486000C793F2 /* Release */ = {
			isa = XCBuildConfiguration;
			buildSettings = {
				BUNDLE_LOADER = "$(TEST_HOST)";
				FRAMEWORK_SEARCH_PATHS = (
					"$(SDKROOT)/Developer/Library/Frameworks",
					"$(inherited)",
				);
				INFOPLIST_FILE = XLImageFocusManagerTests/Info.plist;
				LD_RUNPATH_SEARCH_PATHS = "$(inherited) @executable_path/Frameworks @loader_path/Frameworks";
				PRODUCT_NAME = "$(TARGET_NAME)";
				TEST_HOST = "$(BUILT_PRODUCTS_DIR)/XLImageFocusManager.app/XLImageFocusManager";
			};
			name = Release;
		};
/* End XCBuildConfiguration section */

/* Begin XCConfigurationList section */
		27882A271B04486000C793F2 /* Build configuration list for PBXProject "XLImageFocusManager" */ = {
			isa = XCConfigurationList;
			buildConfigurations = (
				27882A4D1B04486000C793F2 /* Debug */,
				27882A4E1B04486000C793F2 /* Release */,
			);
			defaultConfigurationIsVisible = 0;
			defaultConfigurationName = Release;
		};
		27882A4F1B04486000C793F2 /* Build configuration list for PBXNativeTarget "XLImageFocusManager" */ = {
			isa = XCConfigurationList;
			buildConfigurations = (
				27882A501B04486000C793F2 /* Debug */,
				27882A511B04486000C793F2 /* Release */,
			);
			defaultConfigurationIsVisible = 0;
		};
		27882A521B04486000C793F2 /* Build configuration list for PBXNativeTarget "XLImageFocusManagerTests" */ = {
			isa = XCConfigurationList;
			buildConfigurations = (
				27882A531B04486000C793F2 /* Debug */,
				27882A541B04486000C793F2 /* Release */,
			);
			defaultConfigurationIsVisible = 0;
		};
/* End XCConfigurationList section */
	};
	rootObject = 27882A241B04486000C793F2 /* Project object */;
}
